
Microsoft Visual Studio Solution File, Format Version 12.00
# Visual Studio Version 16
VisualStudioVersion = 16.0.29025.244
MinimumVisualStudioVersion = 10.0.40219.1
Project("{9A19103F-16F7-4668-BE54-9A1E7A4F7556}") = "RIS", "RIS\RIS.csproj", "{A2DEB365-3D26-49DB-9C3E-339FF2C9110B}"
EndProject
Project("{9A19103F-16F7-4668-BE54-9A1E7A4F7556}") = "RIS.Collections", "RIS.Collections\RIS.Collections.csproj", "{E77260FA-87BF-49A9-A16C-21CEAF4DCC71}"
EndProject
Project("{9A19103F-16F7-4668-BE54-9A1E7A4F7556}") = "RIS.Text", "RIS.Text\RIS.Text.csproj", "{9088B839-0B29-4C96-8765-0A87B5ECF4AD}"
EndProject
Project("{9A19103F-16F7-4668-BE54-9A1E7A4F7556}") = "RIS.Cryptography", "RIS.Cryptography\RIS.Cryptography.csproj", "{578C0D8E-3C6B-41E7-9F43-DCCF1AC9173E}"
EndProject
Project("{9A19103F-16F7-4668-BE54-9A1E7A4F7556}") = "RIS.Settings", "RIS.Settings\RIS.Settings.csproj", "{6FE53901-E8C7-467B-B691-03B2B3794E6B}"
EndProject
Project("{9A19103F-16F7-4668-BE54-9A1E7A4F7556}") = "RIS.Logging", "RIS.Logging\RIS.Logging.csproj", "{C69CB646-818D-4A5B-89B3-36A7E0A31DBC}"
EndProject
Project("{9A19103F-16F7-4668-BE54-9A1E7A4F7556}") = "RIS.Reflection", "RIS.Reflection\RIS.Reflection.csproj", "{B08C78B9-A85A-40E2-9B02-EAEB2B781967}"
EndProject
Project("{9A19103F-16F7-4668-BE54-9A1E7A4F7556}") = "RIS.Connection.MySQL", "RIS.Connection.MySQL\RIS.Connection.MySQL.csproj", "{78B7F307-A217-4AE4-A72F-BF3D8F65B292}"
EndProject
Project("{9A19103F-16F7-4668-BE54-9A1E7A4F7556}") = "RIS.Graphics", "RIS.Graphics\RIS.Graphics.csproj", "{8A9C4BE4-067C-4A1F-85CC-BC85A8EE6CFD}"
EndProject
Project("{9A19103F-16F7-4668-BE54-9A1E7A4F7556}") = "RIS.Graphics.Metro", "RIS.Graphics.Metro\RIS.Graphics.Metro.csproj", "{CC62C29D-4C87-49C8-B7CC-FA628DE64429}"
EndProject
Project("{9A19103F-16F7-4668-BE54-9A1E7A4F7556}") = "RIS.Graphics.Material", "RIS.Graphics.Material\RIS.Graphics.Material.csproj", "{723B88BC-3488-41F5-AD8E-F7F0A7BAE3BA}"
EndProject
Project("{9A19103F-16F7-4668-BE54-9A1E7A4F7556}") = "RIS.Localization", "RIS.Localization\RIS.Localization.csproj", "{D04FD9FA-321E-4172-81F5-358617BF444D}"
EndProject
Project("{9A19103F-16F7-4668-BE54-9A1E7A4F7556}") = "RIS.Localization.Xaml", "RIS.Localization.Xaml\RIS.Localization.Xaml.csproj", "{FB7AD17B-6DDF-4ACD-A96B-E5597BAF76DB}"
EndProject
Project("{9A19103F-16F7-4668-BE54-9A1E7A4F7556}") = "RIS.Localization.Json", "RIS.Localization.Json\RIS.Localization.Json.csproj", "{9AC76224-B8DA-4175-B432-9D13A31FA6B9}"
EndProject
Project("{9A19103F-16F7-4668-BE54-9A1E7A4F7556}") = "RIS.Localization.UI.WPF", "RIS.Localization.UI.WPF\RIS.Localization.UI.WPF.csproj", "{C0126D77-DBBB-459E-B8E5-A2C97493AF07}"
EndProject
Project("{9A19103F-16F7-4668-BE54-9A1E7A4F7556}") = "RIS.Localization.UI.WPF.Metro", "RIS.Localization.UI.WPF.Metro\RIS.Localization.UI.WPF.Metro.csproj", "{5857E358-013E-46F8-9D1F-B32B5EE301DC}"
EndProject
Project("{9A19103F-16F7-4668-BE54-9A1E7A4F7556}") = "RIS.Unions.Generator", "RIS.Unions.Generator\RIS.Unions.Generator.csproj", "{30ECCB08-9C14-4379-8A54-E114F7C6F709}"
EndProject
Project("{9A19103F-16F7-4668-BE54-9A1E7A4F7556}") = "RIS.Localization.LocalizedList.Generator", "RIS.Localization.LocalizedList.Generator\RIS.Localization.LocalizedList.Generator.csproj", "{64AAE838-0248-4B96-B9E5-93067E11AE1B}"
EndProject
Global
	GlobalSection(SolutionConfigurationPlatforms) = preSolution
		Debug|Any CPU = Debug|Any CPU
		Release Nuget|Any CPU = Release Nuget|Any CPU
		Release|Any CPU = Release|Any CPU
	EndGlobalSection
	GlobalSection(ProjectConfigurationPlatforms) = postSolution
		{A2DEB365-3D26-49DB-9C3E-339FF2C9110B}.Debug|Any CPU.ActiveCfg = Debug|Any CPU
		{A2DEB365-3D26-49DB-9C3E-339FF2C9110B}.Debug|Any CPU.Build.0 = Debug|Any CPU
		{A2DEB365-3D26-49DB-9C3E-339FF2C9110B}.Release Nuget|Any CPU.ActiveCfg = Release Nuget|Any CPU
		{A2DEB365-3D26-49DB-9C3E-339FF2C9110B}.Release Nuget|Any CPU.Build.0 = Release Nuget|Any CPU
		{A2DEB365-3D26-49DB-9C3E-339FF2C9110B}.Release|Any CPU.ActiveCfg = Release|Any CPU
		{A2DEB365-3D26-49DB-9C3E-339FF2C9110B}.Release|Any CPU.Build.0 = Release|Any CPU
		{E77260FA-87BF-49A9-A16C-21CEAF4DCC71}.Debug|Any CPU.ActiveCfg = Debug|Any CPU
		{E77260FA-87BF-49A9-A16C-21CEAF4DCC71}.Debug|Any CPU.Build.0 = Debug|Any CPU
		{E77260FA-87BF-49A9-A16C-21CEAF4DCC71}.Release Nuget|Any CPU.ActiveCfg = Release Nuget|Any CPU
		{E77260FA-87BF-49A9-A16C-21CEAF4DCC71}.Release Nuget|Any CPU.Build.0 = Release Nuget|Any CPU
		{E77260FA-87BF-49A9-A16C-21CEAF4DCC71}.Release|Any CPU.ActiveCfg = Release|Any CPU
		{E77260FA-87BF-49A9-A16C-21CEAF4DCC71}.Release|Any CPU.Build.0 = Release|Any CPU
		{9088B839-0B29-4C96-8765-0A87B5ECF4AD}.Debug|Any CPU.ActiveCfg = Debug|Any CPU
		{9088B839-0B29-4C96-8765-0A87B5ECF4AD}.Debug|Any CPU.Build.0 = Debug|Any CPU
		{9088B839-0B29-4C96-8765-0A87B5ECF4AD}.Release Nuget|Any CPU.ActiveCfg = Release Nuget|Any CPU
		{9088B839-0B29-4C96-8765-0A87B5ECF4AD}.Release Nuget|Any CPU.Build.0 = Release Nuget|Any CPU
		{9088B839-0B29-4C96-8765-0A87B5ECF4AD}.Release|Any CPU.ActiveCfg = Release|Any CPU
		{9088B839-0B29-4C96-8765-0A87B5ECF4AD}.Release|Any CPU.Build.0 = Release|Any CPU
		{578C0D8E-3C6B-41E7-9F43-DCCF1AC9173E}.Debug|Any CPU.ActiveCfg = Debug|Any CPU
		{578C0D8E-3C6B-41E7-9F43-DCCF1AC9173E}.Debug|Any CPU.Build.0 = Debug|Any CPU
		{578C0D8E-3C6B-41E7-9F43-DCCF1AC9173E}.Release Nuget|Any CPU.ActiveCfg = Release Nuget|Any CPU
		{578C0D8E-3C6B-41E7-9F43-DCCF1AC9173E}.Release Nuget|Any CPU.Build.0 = Release Nuget|Any CPU
		{578C0D8E-3C6B-41E7-9F43-DCCF1AC9173E}.Release|Any CPU.ActiveCfg = Release|Any CPU
		{578C0D8E-3C6B-41E7-9F43-DCCF1AC9173E}.Release|Any CPU.Build.0 = Release|Any CPU
		{6FE53901-E8C7-467B-B691-03B2B3794E6B}.Debug|Any CPU.ActiveCfg = Debug|Any CPU
		{6FE53901-E8C7-467B-B691-03B2B3794E6B}.Debug|Any CPU.Build.0 = Debug|Any CPU
		{6FE53901-E8C7-467B-B691-03B2B3794E6B}.Release Nuget|Any CPU.ActiveCfg = Release Nuget|Any CPU
		{6FE53901-E8C7-467B-B691-03B2B3794E6B}.Release Nuget|Any CPU.Build.0 = Release Nuget|Any CPU
		{6FE53901-E8C7-467B-B691-03B2B3794E6B}.Release|Any CPU.ActiveCfg = Release|Any CPU
		{6FE53901-E8C7-467B-B691-03B2B3794E6B}.Release|Any CPU.Build.0 = Release|Any CPU
		{C69CB646-818D-4A5B-89B3-36A7E0A31DBC}.Debug|Any CPU.ActiveCfg = Debug|Any CPU
		{C69CB646-818D-4A5B-89B3-36A7E0A31DBC}.Debug|Any CPU.Build.0 = Debug|Any CPU
		{C69CB646-818D-4A5B-89B3-36A7E0A31DBC}.Release Nuget|Any CPU.ActiveCfg = Release Nuget|Any CPU
		{C69CB646-818D-4A5B-89B3-36A7E0A31DBC}.Release Nuget|Any CPU.Build.0 = Release Nuget|Any CPU
		{C69CB646-818D-4A5B-89B3-36A7E0A31DBC}.Release|Any CPU.ActiveCfg = Release|Any CPU
		{C69CB646-818D-4A5B-89B3-36A7E0A31DBC}.Release|Any CPU.Build.0 = Release|Any CPU
		{B08C78B9-A85A-40E2-9B02-EAEB2B781967}.Debug|Any CPU.ActiveCfg = Debug|Any CPU
		{B08C78B9-A85A-40E2-9B02-EAEB2B781967}.Debug|Any CPU.Build.0 = Debug|Any CPU
		{B08C78B9-A85A-40E2-9B02-EAEB2B781967}.Release Nuget|Any CPU.ActiveCfg = Release Nuget|Any CPU
		{B08C78B9-A85A-40E2-9B02-EAEB2B781967}.Release Nuget|Any CPU.Build.0 = Release Nuget|Any CPU
		{B08C78B9-A85A-40E2-9B02-EAEB2B781967}.Release|Any CPU.ActiveCfg = Release|Any CPU
		{B08C78B9-A85A-40E2-9B02-EAEB2B781967}.Release|Any CPU.Build.0 = Release|Any CPU
		{78B7F307-A217-4AE4-A72F-BF3D8F65B292}.Debug|Any CPU.ActiveCfg = Debug|Any CPU
		{78B7F307-A217-4AE4-A72F-BF3D8F65B292}.Debug|Any CPU.Build.0 = Debug|Any CPU
		{78B7F307-A217-4AE4-A72F-BF3D8F65B292}.Release Nuget|Any CPU.ActiveCfg = Release Nuget|Any CPU
		{78B7F307-A217-4AE4-A72F-BF3D8F65B292}.Release Nuget|Any CPU.Build.0 = Release Nuget|Any CPU
		{78B7F307-A217-4AE4-A72F-BF3D8F65B292}.Release|Any CPU.ActiveCfg = Release|Any CPU
		{78B7F307-A217-4AE4-A72F-BF3D8F65B292}.Release|Any CPU.Build.0 = Release|Any CPU
		{8A9C4BE4-067C-4A1F-85CC-BC85A8EE6CFD}.Debug|Any CPU.ActiveCfg = Debug|Any CPU
		{8A9C4BE4-067C-4A1F-85CC-BC85A8EE6CFD}.Debug|Any CPU.Build.0 = Debug|Any CPU
		{8A9C4BE4-067C-4A1F-85CC-BC85A8EE6CFD}.Release Nuget|Any CPU.ActiveCfg = Release Nuget|Any CPU
		{8A9C4BE4-067C-4A1F-85CC-BC85A8EE6CFD}.Release Nuget|Any CPU.Build.0 = Release Nuget|Any CPU
		{8A9C4BE4-067C-4A1F-85CC-BC85A8EE6CFD}.Release|Any CPU.ActiveCfg = Release|Any CPU
		{8A9C4BE4-067C-4A1F-85CC-BC85A8EE6CFD}.Release|Any CPU.Build.0 = Release|Any CPU
		{CC62C29D-4C87-49C8-B7CC-FA628DE64429}.Debug|Any CPU.ActiveCfg = Debug|Any CPU
		{CC62C29D-4C87-49C8-B7CC-FA628DE64429}.Debug|Any CPU.Build.0 = Debug|Any CPU
		{CC62C29D-4C87-49C8-B7CC-FA628DE64429}.Release Nuget|Any CPU.ActiveCfg = Release Nuget|Any CPU
		{CC62C29D-4C87-49C8-B7CC-FA628DE64429}.Release Nuget|Any CPU.Build.0 = Release Nuget|Any CPU
		{CC62C29D-4C87-49C8-B7CC-FA628DE64429}.Release|Any CPU.ActiveCfg = Release|Any CPU
		{CC62C29D-4C87-49C8-B7CC-FA628DE64429}.Release|Any CPU.Build.0 = Release|Any CPU
		{723B88BC-3488-41F5-AD8E-F7F0A7BAE3BA}.Debug|Any CPU.ActiveCfg = Debug|Any CPU
		{723B88BC-3488-41F5-AD8E-F7F0A7BAE3BA}.Debug|Any CPU.Build.0 = Debug|Any CPU
		{723B88BC-3488-41F5-AD8E-F7F0A7BAE3BA}.Release Nuget|Any CPU.ActiveCfg = Release Nuget|Any CPU
		{723B88BC-3488-41F5-AD8E-F7F0A7BAE3BA}.Release Nuget|Any CPU.Build.0 = Release Nuget|Any CPU
		{723B88BC-3488-41F5-AD8E-F7F0A7BAE3BA}.Release|Any CPU.ActiveCfg = Release|Any CPU
		{723B88BC-3488-41F5-AD8E-F7F0A7BAE3BA}.Release|Any CPU.Build.0 = Release|Any CPU
		{D04FD9FA-321E-4172-81F5-358617BF444D}.Debug|Any CPU.ActiveCfg = Debug|Any CPU
		{D04FD9FA-321E-4172-81F5-358617BF444D}.Debug|Any CPU.Build.0 = Debug|Any CPU
		{D04FD9FA-321E-4172-81F5-358617BF444D}.Release Nuget|Any CPU.ActiveCfg = Release Nuget|Any CPU
		{D04FD9FA-321E-4172-81F5-358617BF444D}.Release Nuget|Any CPU.Build.0 = Release Nuget|Any CPU
		{D04FD9FA-321E-4172-81F5-358617BF444D}.Release|Any CPU.ActiveCfg = Release|Any CPU
		{D04FD9FA-321E-4172-81F5-358617BF444D}.Release|Any CPU.Build.0 = Release|Any CPU
		{FB7AD17B-6DDF-4ACD-A96B-E5597BAF76DB}.Debug|Any CPU.ActiveCfg = Debug|Any CPU
		{FB7AD17B-6DDF-4ACD-A96B-E5597BAF76DB}.Debug|Any CPU.Build.0 = Debug|Any CPU
		{FB7AD17B-6DDF-4ACD-A96B-E5597BAF76DB}.Release Nuget|Any CPU.ActiveCfg = Release Nuget|Any CPU
		{FB7AD17B-6DDF-4ACD-A96B-E5597BAF76DB}.Release Nuget|Any CPU.Build.0 = Release Nuget|Any CPU
		{FB7AD17B-6DDF-4ACD-A96B-E5597BAF76DB}.Release|Any CPU.ActiveCfg = Release|Any CPU
		{FB7AD17B-6DDF-4ACD-A96B-E5597BAF76DB}.Release|Any CPU.Build.0 = Release|Any CPU
		{9AC76224-B8DA-4175-B432-9D13A31FA6B9}.Debug|Any CPU.ActiveCfg = Debug|Any CPU
		{9AC76224-B8DA-4175-B432-9D13A31FA6B9}.Debug|Any CPU.Build.0 = Debug|Any CPU
		{9AC76224-B8DA-4175-B432-9D13A31FA6B9}.Release Nuget|Any CPU.ActiveCfg = Release Nuget|Any CPU
		{9AC76224-B8DA-4175-B432-9D13A31FA6B9}.Release Nuget|Any CPU.Build.0 = Release Nuget|Any CPU
		{9AC76224-B8DA-4175-B432-9D13A31FA6B9}.Release|Any CPU.ActiveCfg = Release|Any CPU
		{9AC76224-B8DA-4175-B432-9D13A31FA6B9}.Release|Any CPU.Build.0 = Release|Any CPU
		{C0126D77-DBBB-459E-B8E5-A2C97493AF07}.Debug|Any CPU.ActiveCfg = Debug|Any CPU
		{C0126D77-DBBB-459E-B8E5-A2C97493AF07}.Debug|Any CPU.Build.0 = Debug|Any CPU
		{C0126D77-DBBB-459E-B8E5-A2C97493AF07}.Release Nuget|Any CPU.ActiveCfg = Release Nuget|Any CPU
		{C0126D77-DBBB-459E-B8E5-A2C97493AF07}.Release Nuget|Any CPU.Build.0 = Release Nuget|Any CPU
		{C0126D77-DBBB-459E-B8E5-A2C97493AF07}.Release|Any CPU.ActiveCfg = Release|Any CPU
		{C0126D77-DBBB-459E-B8E5-A2C97493AF07}.Release|Any CPU.Build.0 = Release|Any CPU
		{5857E358-013E-46F8-9D1F-B32B5EE301DC}.Debug|Any CPU.ActiveCfg = Debug|Any CPU
		{5857E358-013E-46F8-9D1F-B32B5EE301DC}.Debug|Any CPU.Build.0 = Debug|Any CPU
		{5857E358-013E-46F8-9D1F-B32B5EE301DC}.Release Nuget|Any CPU.ActiveCfg = Release Nuget|Any CPU
		{5857E358-013E-46F8-9D1F-B32B5EE301DC}.Release Nuget|Any CPU.Build.0 = Release Nuget|Any CPU
		{5857E358-013E-46F8-9D1F-B32B5EE301DC}.Release|Any CPU.ActiveCfg = Release|Any CPU
		{5857E358-013E-46F8-9D1F-B32B5EE301DC}.Release|Any CPU.Build.0 = Release|Any CPU
		{30ECCB08-9C14-4379-8A54-E114F7C6F709}.Debug|Any CPU.ActiveCfg = Debug|Any CPU
		{30ECCB08-9C14-4379-8A54-E114F7C6F709}.Debug|Any CPU.Build.0 = Debug|Any CPU
		{30ECCB08-9C14-4379-8A54-E114F7C6F709}.Release Nuget|Any CPU.ActiveCfg = Release Nuget|Any CPU
		{30ECCB08-9C14-4379-8A54-E114F7C6F709}.Release Nuget|Any CPU.Build.0 = Release Nuget|Any CPU
		{30ECCB08-9C14-4379-8A54-E114F7C6F709}.Release|Any CPU.ActiveCfg = Release|Any CPU
		{30ECCB08-9C14-4379-8A54-E114F7C6F709}.Release|Any CPU.Build.0 = Release|Any CPU
		{64AAE838-0248-4B96-B9E5-93067E11AE1B}.Debug|Any CPU.ActiveCfg = Debug|Any CPU
		{64AAE838-0248-4B96-B9E5-93067E11AE1B}.Debug|Any CPU.Build.0 = Debug|Any CPU
		{64AAE838-0248-4B96-B9E5-93067E11AE1B}.Release Nuget|Any CPU.ActiveCfg = Release Nuget|Any CPU
		{64AAE838-0248-4B96-B9E5-93067E11AE1B}.Release Nuget|Any CPU.Build.0 = Release Nuget|Any CPU
		{64AAE838-0248-4B96-B9E5-93067E11AE1B}.Release|Any CPU.ActiveCfg = Release|Any CPU
		{64AAE838-0248-4B96-B9E5-93067E11AE1B}.Release|Any CPU.Build.0 = Release|Any CPU
	EndGlobalSection
	GlobalSection(SolutionProperties) = preSolution
		HideSolutionNode = FALSE
	EndGlobalSection
	GlobalSection(ExtensibilityGlobals) = postSolution
		SolutionGuid = {AA0858B9-0F84-44E4-A822-83CF9A785C44}
	EndGlobalSection
EndGlobal
