
Microsoft Visual Studio Solution File, Format Version 12.00
# Visual Studio Version 17
VisualStudioVersion = 17.5.33530.505
MinimumVisualStudioVersion = 10.0.40219.1
Project("{9A19103F-16F7-4668-BE54-9A1E7A4F7556}") = "UnionsSourceFilesGenerator", "UnionsSourceFilesGenerator.csproj", "{5E3EF239-7116-4D00-A1FB-9B693737D627}"
EndProject
Global
	GlobalSection(SolutionConfigurationPlatforms) = preSolution
		Debug|Any CPU = Debug|Any CPU
		Release|Any CPU = Release|Any CPU
	EndGlobalSection
	GlobalSection(ProjectConfigurationPlatforms) = postSolution
		{5E3EF239-7116-4D00-A1FB-9B693737D627}.Debug|Any CPU.ActiveCfg = Debug|Any CPU
		{5E3EF239-7116-4D00-A1FB-9B693737D627}.Debug|Any CPU.Build.0 = Debug|Any CPU
		{5E3EF239-7116-4D00-A1FB-9B693737D627}.Release|Any CPU.ActiveCfg = Release|Any CPU
		{5E3EF239-7116-4D00-A1FB-9B693737D627}.Release|Any CPU.Build.0 = Release|Any CPU
	EndGlobalSection
	GlobalSection(SolutionProperties) = preSolution
		HideSolutionNode = FALSE
	EndGlobalSection
	GlobalSection(ExtensibilityGlobals) = postSolution
		SolutionGuid = {FEE72C67-33E2-431F-9305-DB5D2F1874BD}
	EndGlobalSection
EndGlobal
